
Microsoft Visual Studio Solution File, Format Version 12.00
# Visual Studio Version 17
VisualStudioVersion = 17.3.32901.215
MinimumVisualStudioVersion = 10.0.40219.1
Project("{FAE04EC0-301F-11D3-BF4B-00C04F79EFBC}") = "Priprema_ispit_var2", "Priprema_ispit_var2\Priprema_ispit_var2.csproj", "{B005DD84-ABEB-4982-9146-F166A3B9DD4C}"
EndProject
Global
	GlobalSection(SolutionConfigurationPlatforms) = preSolution
		Debug|Any CPU = Debug|Any CPU
		Release|Any CPU = Release|Any CPU
	EndGlobalSection
	GlobalSection(ProjectConfigurationPlatforms) = postSolution
		{B005DD84-ABEB-4982-9146-F166A3B9DD4C}.Debug|Any CPU.ActiveCfg = Debug|Any CPU
		{B005DD84-ABEB-4982-9146-F166A3B9DD4C}.Debug|Any CPU.Build.0 = Debug|Any CPU
		{B005DD84-ABEB-4982-9146-F166A3B9DD4C}.Release|Any CPU.ActiveCfg = Release|Any CPU
		{B005DD84-ABEB-4982-9146-F166A3B9DD4C}.Release|Any CPU.Build.0 = Release|Any CPU
	EndGlobalSection
	GlobalSection(SolutionProperties) = preSolution
		HideSolutionNode = FALSE
	EndGlobalSection
	GlobalSection(ExtensibilityGlobals) = postSolution
		SolutionGuid = {64BEEE89-7FC2-4339-BE93-9CFB2AB92864}
	EndGlobalSection
EndGlobal
